<?xml version="1.0" encoding="utf-8"?>
<Project ToolsVersion="4.0" xmlns="http://schemas.microsoft.com/developer/msbuild/2003">
  <ItemGroup>
    <Filter Include="Source Files">
      <UniqueIdentifier>{4FC737F1-C7A5-4376-A066-2A32D752A2FF}</UniqueIdentifier>
      <Extensions>cpp;c;cc;cxx;def;odl;idl;hpj;bat;asm;asmx</Extensions>
    </Filter>
    <Filter Include="Header Files">
      <UniqueIdentifier>{93995380-89BD-4b04-88EB-625FBE52EBFB}</UniqueIdentifier>
      <Extensions>h;hh;hpp;hxx;hm;inl;inc;ipp;xsd</Extensions>
    </Filter>
    <Filter Include="Resource Files">
      <UniqueIdentifier>{67DA6AB6-F800-4c08-8B7A-83BB121AAD01}</UniqueIdentifier>
      <Extensions>rc;ico;cur;bmp;dlg;rc2;rct;bin;rgs;gif;jpg;jpeg;jpe;resx;tiff;tif;png;wav;mfcribbon-ms</Extensions>
    </Filter>
    <Filter Include="modules">
      <UniqueIdentifier>{e25098e1-194d-473d-b473-6591e4ca437a}</UniqueIdentifier>
    </Filter>
    <Filter Include="modules\unsuc">
      <UniqueIdentifier>{ef980e61-7f19-48c3-8cb0-cb609cb8f49f}</UniqueIdentifier>
    </Filter>
    <Filter Include="modules\LasLoader">
      <UniqueIdentifier>{e34b9969-2068-4d55-8100-b37e5759ad45}</UniqueIdentifier>
    </Filter>
    <Filter Include="modules\arguments">
      <UniqueIdentifier>{415b75a6-67a9-4ec8-9e3c-d1ca02998a6d}</UniqueIdentifier>
    </Filter>
    <Filter Include="modules\tools">
      <UniqueIdentifier>{041691af-d9e4-4db8-8005-e7c45d2ff2cb}</UniqueIdentifier>
    </Filter>
    <Filter Include="modules\deprecated">
      <UniqueIdentifier>{b8bd940f-2505-404b-9247-16916a8e6e55}</UniqueIdentifier>
    </Filter>
  </ItemGroup>
  <ItemGroup>
    <ClCompile Include="src\main.cpp">
      <Filter>Source Files</Filter>
    </ClCompile>
    <ClCompile Include="modules\LASLoader\LasLoader.cpp">
      <Filter>modules\LasLoader</Filter>
    </ClCompile>
    <ClCompile Include="modules\unsuck\unsuck_platform_specific.cpp">
      <Filter>Source Files</Filter>
    </ClCompile>
    <ClCompile Include="src\chunker_countsort_laszip.cpp">
      <Filter>Source Files</Filter>
    </ClCompile>
    <ClCompile Include="src\chunker_countsort.cpp">
      <Filter>Source Files</Filter>
    </ClCompile>
    <ClCompile Include="src\indexer.cpp">
      <Filter>Source Files</Filter>
    </ClCompile>
    <ClCompile Include="src\indexer_poissondisk.cpp">
      <Filter>modules\deprecated</Filter>
    </ClCompile>
    <ClCompile Include="src\indexer_random.cpp">
      <Filter>modules\deprecated</Filter>
    </ClCompile>
  </ItemGroup>
  <ItemGroup>
    <ClInclude Include="modules\LASLoader\LasLoader.h">
      <Filter>modules\LasLoader</Filter>
    </ClInclude>
    <ClInclude Include="modules\unsuck\unsuck.hpp">
      <Filter>modules\unsuc</Filter>
    </ClInclude>
    <ClInclude Include="modules\unsuck\TaskPool.hpp">
      <Filter>modules\unsuc</Filter>
    </ClInclude>
    <ClInclude Include="include\Vector3.h">
      <Filter>Header Files</Filter>
    </ClInclude>
    <ClInclude Include="include\prototyping.h">
      <Filter>Header Files</Filter>
    </ClInclude>
    <ClInclude Include="include\converter_utils.h">
      <Filter>Header Files</Filter>
    </ClInclude>
    <ClInclude Include="include\ConcurrentWriter.h">
      <Filter>Header Files</Filter>
    </ClInclude>
    <ClInclude Include="include\Attributes.h">
      <Filter>Header Files</Filter>
    </ClInclude>
    <ClInclude Include="libs\arguments\Arguments.hpp">
      <Filter>modules\arguments</Filter>
    </ClInclude>
    <ClInclude Include="include\ChunkRefiner.h">
      <Filter>Header Files</Filter>
    </ClInclude>
    <ClInclude Include="include\chunker_countsort.h">
      <Filter>Header Files</Filter>
    </ClInclude>
    <ClInclude Include="modules\tools\sort_pointcloud.h">
      <Filter>modules\tools</Filter>
    </ClInclude>
    <ClInclude Include="modules\tools\potree_to_laz.h">
      <Filter>modules\tools</Filter>
    </ClInclude>
    <ClInclude Include="include\indexer.h">
      <Filter>Header Files</Filter>
    </ClInclude>
    <ClInclude Include="include\structures.h">
      <Filter>Header Files</Filter>
    </ClInclude>
    <ClInclude Include="include\sampler_random.h">
      <Filter>Header Files</Filter>
    </ClInclude>
    <ClInclude Include="include\indexer_poissondisk.h">
      <Filter>modules\deprecated</Filter>
    </ClInclude>
    <ClInclude Include="include\indexer_random.h">
      <Filter>modules\deprecated</Filter>
    </ClInclude>
    <ClInclude Include="include\chunker_countsort_laszip.h">
      <Filter>Header Files</Filter>
    </ClInclude>
    <ClInclude Include="include\sampler_poisson_average.h">
      <Filter>Header Files</Filter>
    </ClInclude>
    <ClInclude Include="include\sampler_poisson.h">
      <Filter>Header Files</Filter>
    </ClInclude>
  </ItemGroup>
</Project>